
Microsoft Visual Studio Solution File, Format Version 10.00
# Visual Studio 2008
Project("{8BC9CEB8-8B4A-11D0-8D11-00A0C91BC942}") = "CG_2nd", "CG_2nd\CG_2nd.vcproj", "{0061BD13-0946-49B4-BC38-B3D993C9E630}"
EndProject
Global
	GlobalSection(SolutionConfigurationPlatforms) = preSolution
		Debug|Win32 = Debug|Win32
		Release|Win32 = Release|Win32
	EndGlobalSection
	GlobalSection(ProjectConfigurationPlatforms) = postSolution
		{0061BD13-0946-49B4-BC38-B3D993C9E630}.Debug|Win32.ActiveCfg = Debug|Win32
		{0061BD13-0946-49B4-BC38-B3D993C9E630}.Debug|Win32.Build.0 = Debug|Win32
		{0061BD13-0946-49B4-BC38-B3D993C9E630}.Release|Win32.ActiveCfg = Release|Win32
		{0061BD13-0946-49B4-BC38-B3D993C9E630}.Release|Win32.Build.0 = Release|Win32
	EndGlobalSection
	GlobalSection(SolutionProperties) = preSolution
		HideSolutionNode = FALSE
	EndGlobalSection
EndGlobal
